
Microsoft Visual Studio Solution File, Format Version 12.00
# Visual Studio Version 17
VisualStudioVersion = 17.7.34031.279
MinimumVisualStudioVersion = 10.0.40219.1
Project("{9A19103F-16F7-4668-BE54-9A1E7A4F7556}") = "TestLibrary", "TestLibrary\TestLibrary.csproj", "{6196D166-FF3F-4DFF-A8F1-64EBBBC316D1}"
EndProject
Project("{9A19103F-16F7-4668-BE54-9A1E7A4F7556}") = "LeetCodeSolutionsLibrary", "LeetCodeSolutionsLibrary\LeetCodeSolutionsLibrary.csproj", "{93C2F689-8F24-42C7-968C-0FB8367ADE33}"
EndProject
Global
	GlobalSection(SolutionConfigurationPlatforms) = preSolution
		Debug|Any CPU = Debug|Any CPU
		Release|Any CPU = Release|Any CPU
	EndGlobalSection
	GlobalSection(ProjectConfigurationPlatforms) = postSolution
		{6196D166-FF3F-4DFF-A8F1-64EBBBC316D1}.Debug|Any CPU.ActiveCfg = Debug|Any CPU
		{6196D166-FF3F-4DFF-A8F1-64EBBBC316D1}.Debug|Any CPU.Build.0 = Debug|Any CPU
		{6196D166-FF3F-4DFF-A8F1-64EBBBC316D1}.Release|Any CPU.ActiveCfg = Release|Any CPU
		{6196D166-FF3F-4DFF-A8F1-64EBBBC316D1}.Release|Any CPU.Build.0 = Release|Any CPU
		{93C2F689-8F24-42C7-968C-0FB8367ADE33}.Debug|Any CPU.ActiveCfg = Debug|Any CPU
		{93C2F689-8F24-42C7-968C-0FB8367ADE33}.Debug|Any CPU.Build.0 = Debug|Any CPU
		{93C2F689-8F24-42C7-968C-0FB8367ADE33}.Release|Any CPU.ActiveCfg = Release|Any CPU
		{93C2F689-8F24-42C7-968C-0FB8367ADE33}.Release|Any CPU.Build.0 = Release|Any CPU
	EndGlobalSection
	GlobalSection(SolutionProperties) = preSolution
		HideSolutionNode = FALSE
	EndGlobalSection
	GlobalSection(ExtensibilityGlobals) = postSolution
		SolutionGuid = {3522C473-9534-4ED5-9B39-9FFB1BF8D51D}
	EndGlobalSection
EndGlobal
